
Microsoft Visual Studio Solution File, Format Version 12.00
# Visual Studio Version 17
VisualStudioVersion = 17.4.33122.133
MinimumVisualStudioVersion = 10.0.40219.1
Project("{9A19103F-16F7-4668-BE54-9A1E7A4F7556}") = "Test", "Test\Test.csproj", "{DEC2F242-E717-4CA3-9978-A26FB1AD95B3}"
EndProject
Project("{2150E333-8FDC-42A3-9474-1A3956D46DE8}") = "NewTest", "NewTest", "{256B3DC7-F43E-446B-A2C9-0D13ED78D1A7}"
EndProject
Project("{9A19103F-16F7-4668-BE54-9A1E7A4F7556}") = "0.1 Regular_ExtractAllWordsFromASentence", "ExtractAllWordsFromASentence\0.1 Regular_ExtractAllWordsFromASentence.csproj", "{79CD9161-EB48-41CE-B588-E98926BDA6C4}"
EndProject
Project("{9A19103F-16F7-4668-BE54-9A1E7A4F7556}") = "0.2 Regular_ExtractOnlyDigitsFromaNumber", "Regular_ExtractOnlyDigitsFromaNumber\0.2 Regular_ExtractOnlyDigitsFromaNumber.csproj", "{22662D8F-C516-4038-8AED-662CCCD8532D}"
EndProject
Project("{9A19103F-16F7-4668-BE54-9A1E7A4F7556}") = "0.3 Regular_FindingAndChangingTheColorOfRows", "Regular_FindingAndChangingTheColorOfRows\0.3 Regular_FindingAndChangingTheColorOfRows.csproj", "{67D811E1-7BDD-42DF-A721-2EF53667DE28}"
EndProject
Project("{9A19103F-16F7-4668-BE54-9A1E7A4F7556}") = "0.4 Regular_EmailValidation", "Regular_EmailValidation\0.4 Regular_EmailValidation.csproj", "{3D4A91BC-0B3A-49CA-8629-6640957F8BCB}"
EndProject
Project("{9A19103F-16F7-4668-BE54-9A1E7A4F7556}") = "0.5 Regular_TemplateVariable", "Regular_TemplateVariable\0.5 Regular_TemplateVariable.csproj", "{4F21BC1E-E787-4571-A07C-5201D57B67E3}"
EndProject
Project("{9A19103F-16F7-4668-BE54-9A1E7A4F7556}") = "0.6 Regular_LambdaAusdruck", "Regular_LambdaAusdruck\0.6 Regular_LambdaAusdruck.csproj", "{4A611498-A064-4944-9CA6-03279E57AF39}"
EndProject
Project("{9A19103F-16F7-4668-BE54-9A1E7A4F7556}") = "0.7 Regular_Coincidences", "Regular_Coincidences\0.7 Regular_Coincidences.csproj", "{05E1DE34-BA4A-4A4C-830B-8D5A4FFA9522}"
EndProject
Project("{9A19103F-16F7-4668-BE54-9A1E7A4F7556}") = "0.8 Regular_GettingLinksOfParsedText", "Regular_GettingLinksOfParsedText\0.8 Regular_GettingLinksOfParsedText.csproj", "{4F06EC13-4452-4226-9890-DAB28B1BC28B}"
EndProject
Project("{9A19103F-16F7-4668-BE54-9A1E7A4F7556}") = "0.9 Regular_group", "Regular_group\0.9 Regular_group.csproj", "{E7E91A96-696F-4C9C-9A8C-00A09C3C7341}"
EndProject
Project("{9A19103F-16F7-4668-BE54-9A1E7A4F7556}") = "1.0 Regular_FindingUppercaseWords", "Regular_FindingUppercaseWords\1.0 Regular_FindingUppercaseWords.csproj", "{8DCBF600-7541-45D5-9739-C60B44AB4323}"
EndProject
Project("{9A19103F-16F7-4668-BE54-9A1E7A4F7556}") = "1.1 Regular_negation", "Regular_negation\1.1 Regular_negation.csproj", "{AF4AFA77-D0E4-4312-9466-9AE6A4259FD3}"
EndProject
Project("{9A19103F-16F7-4668-BE54-9A1E7A4F7556}") = "1.2 Regular_RemovingACurrencySignFromANumber", "Regular_RemovingACurrencySignFromANumber\1.2 Regular_RemovingACurrencySignFromANumber.csproj", "{53568BEE-6BF6-4B79-B9A1-573420D96B88}"
EndProject
Project("{9A19103F-16F7-4668-BE54-9A1E7A4F7556}") = "1.3 Regular_lazyLodaing", "Regular_lazyLodaing\1.3 Regular_lazyLodaing.csproj", "{8CBBDCC5-C84A-4997-9437-AD2E21B90507}"
EndProject
Project("{9A19103F-16F7-4668-BE54-9A1E7A4F7556}") = "1.4 Regular_ValidNumber", "Regular_ValidNumber\1.4 Regular_ValidNumber.csproj", "{7A039F23-D8D5-47E3-8AB3-F92B2783E3F7}"
EndProject
Project("{9A19103F-16F7-4668-BE54-9A1E7A4F7556}") = "1.5 Regular_SearchForTwoIdenticalWords", "Regular_SearchForTwoIdenticalWords\1.5 Regular_SearchForTwoIdenticalWords.csproj", "{B6C8E403-D056-48D7-ABB6-8AD0B122F442}"
EndProject
Project("{9A19103F-16F7-4668-BE54-9A1E7A4F7556}") = "1.6 Regular_ExecudedGroup", "Regular_ExecudedGroup\1.6 Regular_ExecudedGroup.csproj", "{3BECCB43-28B5-4413-9F88-BEDDE969AF4A}"
EndProject
Project("{9A19103F-16F7-4668-BE54-9A1E7A4F7556}") = "1.7 Regular_FindingAChoice", "Regular_FindingAChoice\1.7 Regular_FindingAChoice.csproj", "{EA11F37D-BD8B-4712-B231-F04B99821979}"
EndProject
Project("{9A19103F-16F7-4668-BE54-9A1E7A4F7556}") = "1.8 Regular_FindingAWordWithinAWord", "Regular_FindingAWordWithinAWord\1.8 Regular_FindingAWordWithinAWord.csproj", "{FCEAD8B7-B431-4EFB-B39A-DEFBE34C7A32}"
EndProject
Project("{9A19103F-16F7-4668-BE54-9A1E7A4F7556}") = "1.9 Regular_SearchForTwoIdenticalWords_2", "Regular_SearchForTwoIdenticalWords_2\1.9 Regular_SearchForTwoIdenticalWords_2.csproj", "{425B478F-4671-475D-94DB-509A9E1BD920}"
EndProject
Project("{9A19103F-16F7-4668-BE54-9A1E7A4F7556}") = "2.0 Regular_SelectionInNotOnTheWholePattern", "Regular_SelectionInNotOnTheWholePattern\2.0 Regular_SelectionInNotOnTheWholePattern.csproj", "{7F9FC97D-F8CF-4EDE-9DE4-AAB70C8BA99C}"
EndProject
Project("{9A19103F-16F7-4668-BE54-9A1E7A4F7556}") = "2.1 Regular_FewExamples", "Regular_MatchesThatDoNotStartWithACondition\2.1 Regular_FewExamples.csproj", "{BD4C431D-5850-47B7-8B20-DEC86A5B3765}"
EndProject
Project("{9A19103F-16F7-4668-BE54-9A1E7A4F7556}") = "2.2 Regular_GroupingStructures", "Regular_GroupingStructures\2.2 Regular_GroupingStructures.csproj", "{C48A2A70-FF39-4AD2-8F92-E06A9BA941B9}"
EndProject
Project("{9A19103F-16F7-4668-BE54-9A1E7A4F7556}") = "2.3 Regular_CaptureGropu_Base", "Regular_CaptureGropu_Base\2.3 Regular_CaptureGropu_Base.csproj", "{3BAA4142-4C6A-467C-8D33-1FC9F2B26A96}"
EndProject
Project("{9A19103F-16F7-4668-BE54-9A1E7A4F7556}") = "2.4 Regular_ExpressionMatching", "Regular_ExpressionMatching\2.4 Regular_ExpressionMatching.csproj", "{54FE5733-F18E-4208-A594-96231661313A}"
EndProject
Project("{9A19103F-16F7-4668-BE54-9A1E7A4F7556}") = "2.5 Regular_Replace", "Regular_Replace\2.5 Regular_Replace.csproj", "{9D12C649-1116-487C-A5E2-20EEB777622D}"
EndProject
Project("{9A19103F-16F7-4668-BE54-9A1E7A4F7556}") = "2.6 Regular_CurrentInfo", "Regular_CurrentInfo\2.6 Regular_CurrentInfo.csproj", "{D54742A5-EF9C-4EF9-AEE0-7846742597F4}"
EndProject
Project("{9A19103F-16F7-4668-BE54-9A1E7A4F7556}") = "2.7 Regular_RaplacingAllMatches", "Regular_RaplacingAllMatches\2.7 Regular_RaplacingAllMatches.csproj", "{AB350EE7-96A9-49B5-A7A4-CDEC8AAC6376}"
EndProject
Project("{9A19103F-16F7-4668-BE54-9A1E7A4F7556}") = "2.8 Regular_IgnoreCase", "Regular_IgnoreCase\2.8 Regular_IgnoreCase.csproj", "{AC427D6A-0C34-4D1F-9C4F-906E5C464842}"
EndProject
Project("{9A19103F-16F7-4668-BE54-9A1E7A4F7556}") = "2.9 Regular_Multiline_Singleline", "Regular_Multiline\2.9 Regular_Multiline_Singleline.csproj", "{5270CCF1-F5A6-4A73-8074-E23BBEDA6AF7}"
EndProject
Project("{9A19103F-16F7-4668-BE54-9A1E7A4F7556}") = "3.0 Regular_CombiningCaptureGroups", "Regular_CombiningCaptureGroups\3.0 Regular_CombiningCaptureGroups.csproj", "{6ED98B5C-A81A-475A-87D6-9B0E8430CFC6}"
EndProject
Project("{FAE04EC0-301F-11D3-BF4B-00C04F79EFBC}") = "3.1 Regular_HREF scan", "Regular_HREF scan\3.1 Regular_HREF scan.csproj", "{F89BFCD9-EDCE-42DD-BBAF-1FDF71E84380}"
EndProject
Global
	GlobalSection(SolutionConfigurationPlatforms) = preSolution
		Debug|Any CPU = Debug|Any CPU
		Release|Any CPU = Release|Any CPU
	EndGlobalSection
	GlobalSection(ProjectConfigurationPlatforms) = postSolution
		{DEC2F242-E717-4CA3-9978-A26FB1AD95B3}.Debug|Any CPU.ActiveCfg = Debug|Any CPU
		{DEC2F242-E717-4CA3-9978-A26FB1AD95B3}.Debug|Any CPU.Build.0 = Debug|Any CPU
		{DEC2F242-E717-4CA3-9978-A26FB1AD95B3}.Release|Any CPU.ActiveCfg = Release|Any CPU
		{DEC2F242-E717-4CA3-9978-A26FB1AD95B3}.Release|Any CPU.Build.0 = Release|Any CPU
		{79CD9161-EB48-41CE-B588-E98926BDA6C4}.Debug|Any CPU.ActiveCfg = Debug|Any CPU
		{79CD9161-EB48-41CE-B588-E98926BDA6C4}.Debug|Any CPU.Build.0 = Debug|Any CPU
		{79CD9161-EB48-41CE-B588-E98926BDA6C4}.Release|Any CPU.ActiveCfg = Release|Any CPU
		{79CD9161-EB48-41CE-B588-E98926BDA6C4}.Release|Any CPU.Build.0 = Release|Any CPU
		{22662D8F-C516-4038-8AED-662CCCD8532D}.Debug|Any CPU.ActiveCfg = Debug|Any CPU
		{22662D8F-C516-4038-8AED-662CCCD8532D}.Debug|Any CPU.Build.0 = Debug|Any CPU
		{22662D8F-C516-4038-8AED-662CCCD8532D}.Release|Any CPU.ActiveCfg = Release|Any CPU
		{22662D8F-C516-4038-8AED-662CCCD8532D}.Release|Any CPU.Build.0 = Release|Any CPU
		{67D811E1-7BDD-42DF-A721-2EF53667DE28}.Debug|Any CPU.ActiveCfg = Debug|Any CPU
		{67D811E1-7BDD-42DF-A721-2EF53667DE28}.Debug|Any CPU.Build.0 = Debug|Any CPU
		{67D811E1-7BDD-42DF-A721-2EF53667DE28}.Release|Any CPU.ActiveCfg = Release|Any CPU
		{67D811E1-7BDD-42DF-A721-2EF53667DE28}.Release|Any CPU.Build.0 = Release|Any CPU
		{3D4A91BC-0B3A-49CA-8629-6640957F8BCB}.Debug|Any CPU.ActiveCfg = Debug|Any CPU
		{3D4A91BC-0B3A-49CA-8629-6640957F8BCB}.Debug|Any CPU.Build.0 = Debug|Any CPU
		{3D4A91BC-0B3A-49CA-8629-6640957F8BCB}.Release|Any CPU.ActiveCfg = Release|Any CPU
		{3D4A91BC-0B3A-49CA-8629-6640957F8BCB}.Release|Any CPU.Build.0 = Release|Any CPU
		{4F21BC1E-E787-4571-A07C-5201D57B67E3}.Debug|Any CPU.ActiveCfg = Debug|Any CPU
		{4F21BC1E-E787-4571-A07C-5201D57B67E3}.Debug|Any CPU.Build.0 = Debug|Any CPU
		{4F21BC1E-E787-4571-A07C-5201D57B67E3}.Release|Any CPU.ActiveCfg = Release|Any CPU
		{4F21BC1E-E787-4571-A07C-5201D57B67E3}.Release|Any CPU.Build.0 = Release|Any CPU
		{4A611498-A064-4944-9CA6-03279E57AF39}.Debug|Any CPU.ActiveCfg = Debug|Any CPU
		{4A611498-A064-4944-9CA6-03279E57AF39}.Debug|Any CPU.Build.0 = Debug|Any CPU
		{4A611498-A064-4944-9CA6-03279E57AF39}.Release|Any CPU.ActiveCfg = Release|Any CPU
		{4A611498-A064-4944-9CA6-03279E57AF39}.Release|Any CPU.Build.0 = Release|Any CPU
		{05E1DE34-BA4A-4A4C-830B-8D5A4FFA9522}.Debug|Any CPU.ActiveCfg = Debug|Any CPU
		{05E1DE34-BA4A-4A4C-830B-8D5A4FFA9522}.Debug|Any CPU.Build.0 = Debug|Any CPU
		{05E1DE34-BA4A-4A4C-830B-8D5A4FFA9522}.Release|Any CPU.ActiveCfg = Release|Any CPU
		{05E1DE34-BA4A-4A4C-830B-8D5A4FFA9522}.Release|Any CPU.Build.0 = Release|Any CPU
		{4F06EC13-4452-4226-9890-DAB28B1BC28B}.Debug|Any CPU.ActiveCfg = Debug|Any CPU
		{4F06EC13-4452-4226-9890-DAB28B1BC28B}.Debug|Any CPU.Build.0 = Debug|Any CPU
		{4F06EC13-4452-4226-9890-DAB28B1BC28B}.Release|Any CPU.ActiveCfg = Release|Any CPU
		{4F06EC13-4452-4226-9890-DAB28B1BC28B}.Release|Any CPU.Build.0 = Release|Any CPU
		{E7E91A96-696F-4C9C-9A8C-00A09C3C7341}.Debug|Any CPU.ActiveCfg = Debug|Any CPU
		{E7E91A96-696F-4C9C-9A8C-00A09C3C7341}.Debug|Any CPU.Build.0 = Debug|Any CPU
		{E7E91A96-696F-4C9C-9A8C-00A09C3C7341}.Release|Any CPU.ActiveCfg = Release|Any CPU
		{E7E91A96-696F-4C9C-9A8C-00A09C3C7341}.Release|Any CPU.Build.0 = Release|Any CPU
		{8DCBF600-7541-45D5-9739-C60B44AB4323}.Debug|Any CPU.ActiveCfg = Debug|Any CPU
		{8DCBF600-7541-45D5-9739-C60B44AB4323}.Debug|Any CPU.Build.0 = Debug|Any CPU
		{8DCBF600-7541-45D5-9739-C60B44AB4323}.Release|Any CPU.ActiveCfg = Release|Any CPU
		{8DCBF600-7541-45D5-9739-C60B44AB4323}.Release|Any CPU.Build.0 = Release|Any CPU
		{AF4AFA77-D0E4-4312-9466-9AE6A4259FD3}.Debug|Any CPU.ActiveCfg = Debug|Any CPU
		{AF4AFA77-D0E4-4312-9466-9AE6A4259FD3}.Debug|Any CPU.Build.0 = Debug|Any CPU
		{AF4AFA77-D0E4-4312-9466-9AE6A4259FD3}.Release|Any CPU.ActiveCfg = Release|Any CPU
		{AF4AFA77-D0E4-4312-9466-9AE6A4259FD3}.Release|Any CPU.Build.0 = Release|Any CPU
		{53568BEE-6BF6-4B79-B9A1-573420D96B88}.Debug|Any CPU.ActiveCfg = Debug|Any CPU
		{53568BEE-6BF6-4B79-B9A1-573420D96B88}.Debug|Any CPU.Build.0 = Debug|Any CPU
		{53568BEE-6BF6-4B79-B9A1-573420D96B88}.Release|Any CPU.ActiveCfg = Release|Any CPU
		{53568BEE-6BF6-4B79-B9A1-573420D96B88}.Release|Any CPU.Build.0 = Release|Any CPU
		{8CBBDCC5-C84A-4997-9437-AD2E21B90507}.Debug|Any CPU.ActiveCfg = Debug|Any CPU
		{8CBBDCC5-C84A-4997-9437-AD2E21B90507}.Debug|Any CPU.Build.0 = Debug|Any CPU
		{8CBBDCC5-C84A-4997-9437-AD2E21B90507}.Release|Any CPU.ActiveCfg = Release|Any CPU
		{8CBBDCC5-C84A-4997-9437-AD2E21B90507}.Release|Any CPU.Build.0 = Release|Any CPU
		{7A039F23-D8D5-47E3-8AB3-F92B2783E3F7}.Debug|Any CPU.ActiveCfg = Debug|Any CPU
		{7A039F23-D8D5-47E3-8AB3-F92B2783E3F7}.Debug|Any CPU.Build.0 = Debug|Any CPU
		{7A039F23-D8D5-47E3-8AB3-F92B2783E3F7}.Release|Any CPU.ActiveCfg = Release|Any CPU
		{7A039F23-D8D5-47E3-8AB3-F92B2783E3F7}.Release|Any CPU.Build.0 = Release|Any CPU
		{B6C8E403-D056-48D7-ABB6-8AD0B122F442}.Debug|Any CPU.ActiveCfg = Debug|Any CPU
		{B6C8E403-D056-48D7-ABB6-8AD0B122F442}.Debug|Any CPU.Build.0 = Debug|Any CPU
		{B6C8E403-D056-48D7-ABB6-8AD0B122F442}.Release|Any CPU.ActiveCfg = Release|Any CPU
		{B6C8E403-D056-48D7-ABB6-8AD0B122F442}.Release|Any CPU.Build.0 = Release|Any CPU
		{3BECCB43-28B5-4413-9F88-BEDDE969AF4A}.Debug|Any CPU.ActiveCfg = Debug|Any CPU
		{3BECCB43-28B5-4413-9F88-BEDDE969AF4A}.Debug|Any CPU.Build.0 = Debug|Any CPU
		{3BECCB43-28B5-4413-9F88-BEDDE969AF4A}.Release|Any CPU.ActiveCfg = Release|Any CPU
		{3BECCB43-28B5-4413-9F88-BEDDE969AF4A}.Release|Any CPU.Build.0 = Release|Any CPU
		{EA11F37D-BD8B-4712-B231-F04B99821979}.Debug|Any CPU.ActiveCfg = Debug|Any CPU
		{EA11F37D-BD8B-4712-B231-F04B99821979}.Debug|Any CPU.Build.0 = Debug|Any CPU
		{EA11F37D-BD8B-4712-B231-F04B99821979}.Release|Any CPU.ActiveCfg = Release|Any CPU
		{EA11F37D-BD8B-4712-B231-F04B99821979}.Release|Any CPU.Build.0 = Release|Any CPU
		{FCEAD8B7-B431-4EFB-B39A-DEFBE34C7A32}.Debug|Any CPU.ActiveCfg = Debug|Any CPU
		{FCEAD8B7-B431-4EFB-B39A-DEFBE34C7A32}.Debug|Any CPU.Build.0 = Debug|Any CPU
		{FCEAD8B7-B431-4EFB-B39A-DEFBE34C7A32}.Release|Any CPU.ActiveCfg = Release|Any CPU
		{FCEAD8B7-B431-4EFB-B39A-DEFBE34C7A32}.Release|Any CPU.Build.0 = Release|Any CPU
		{425B478F-4671-475D-94DB-509A9E1BD920}.Debug|Any CPU.ActiveCfg = Debug|Any CPU
		{425B478F-4671-475D-94DB-509A9E1BD920}.Debug|Any CPU.Build.0 = Debug|Any CPU
		{425B478F-4671-475D-94DB-509A9E1BD920}.Release|Any CPU.ActiveCfg = Release|Any CPU
		{425B478F-4671-475D-94DB-509A9E1BD920}.Release|Any CPU.Build.0 = Release|Any CPU
		{7F9FC97D-F8CF-4EDE-9DE4-AAB70C8BA99C}.Debug|Any CPU.ActiveCfg = Debug|Any CPU
		{7F9FC97D-F8CF-4EDE-9DE4-AAB70C8BA99C}.Debug|Any CPU.Build.0 = Debug|Any CPU
		{7F9FC97D-F8CF-4EDE-9DE4-AAB70C8BA99C}.Release|Any CPU.ActiveCfg = Release|Any CPU
		{7F9FC97D-F8CF-4EDE-9DE4-AAB70C8BA99C}.Release|Any CPU.Build.0 = Release|Any CPU
		{BD4C431D-5850-47B7-8B20-DEC86A5B3765}.Debug|Any CPU.ActiveCfg = Debug|Any CPU
		{BD4C431D-5850-47B7-8B20-DEC86A5B3765}.Debug|Any CPU.Build.0 = Debug|Any CPU
		{BD4C431D-5850-47B7-8B20-DEC86A5B3765}.Release|Any CPU.ActiveCfg = Release|Any CPU
		{BD4C431D-5850-47B7-8B20-DEC86A5B3765}.Release|Any CPU.Build.0 = Release|Any CPU
		{C48A2A70-FF39-4AD2-8F92-E06A9BA941B9}.Debug|Any CPU.ActiveCfg = Debug|Any CPU
		{C48A2A70-FF39-4AD2-8F92-E06A9BA941B9}.Debug|Any CPU.Build.0 = Debug|Any CPU
		{C48A2A70-FF39-4AD2-8F92-E06A9BA941B9}.Release|Any CPU.ActiveCfg = Release|Any CPU
		{C48A2A70-FF39-4AD2-8F92-E06A9BA941B9}.Release|Any CPU.Build.0 = Release|Any CPU
		{3BAA4142-4C6A-467C-8D33-1FC9F2B26A96}.Debug|Any CPU.ActiveCfg = Debug|Any CPU
		{3BAA4142-4C6A-467C-8D33-1FC9F2B26A96}.Debug|Any CPU.Build.0 = Debug|Any CPU
		{3BAA4142-4C6A-467C-8D33-1FC9F2B26A96}.Release|Any CPU.ActiveCfg = Release|Any CPU
		{3BAA4142-4C6A-467C-8D33-1FC9F2B26A96}.Release|Any CPU.Build.0 = Release|Any CPU
		{54FE5733-F18E-4208-A594-96231661313A}.Debug|Any CPU.ActiveCfg = Debug|Any CPU
		{54FE5733-F18E-4208-A594-96231661313A}.Debug|Any CPU.Build.0 = Debug|Any CPU
		{54FE5733-F18E-4208-A594-96231661313A}.Release|Any CPU.ActiveCfg = Release|Any CPU
		{54FE5733-F18E-4208-A594-96231661313A}.Release|Any CPU.Build.0 = Release|Any CPU
		{9D12C649-1116-487C-A5E2-20EEB777622D}.Debug|Any CPU.ActiveCfg = Debug|Any CPU
		{9D12C649-1116-487C-A5E2-20EEB777622D}.Debug|Any CPU.Build.0 = Debug|Any CPU
		{9D12C649-1116-487C-A5E2-20EEB777622D}.Release|Any CPU.ActiveCfg = Release|Any CPU
		{9D12C649-1116-487C-A5E2-20EEB777622D}.Release|Any CPU.Build.0 = Release|Any CPU
		{D54742A5-EF9C-4EF9-AEE0-7846742597F4}.Debug|Any CPU.ActiveCfg = Debug|Any CPU
		{D54742A5-EF9C-4EF9-AEE0-7846742597F4}.Debug|Any CPU.Build.0 = Debug|Any CPU
		{D54742A5-EF9C-4EF9-AEE0-7846742597F4}.Release|Any CPU.ActiveCfg = Release|Any CPU
		{D54742A5-EF9C-4EF9-AEE0-7846742597F4}.Release|Any CPU.Build.0 = Release|Any CPU
		{AB350EE7-96A9-49B5-A7A4-CDEC8AAC6376}.Debug|Any CPU.ActiveCfg = Debug|Any CPU
		{AB350EE7-96A9-49B5-A7A4-CDEC8AAC6376}.Debug|Any CPU.Build.0 = Debug|Any CPU
		{AB350EE7-96A9-49B5-A7A4-CDEC8AAC6376}.Release|Any CPU.ActiveCfg = Release|Any CPU
		{AB350EE7-96A9-49B5-A7A4-CDEC8AAC6376}.Release|Any CPU.Build.0 = Release|Any CPU
		{AC427D6A-0C34-4D1F-9C4F-906E5C464842}.Debug|Any CPU.ActiveCfg = Debug|Any CPU
		{AC427D6A-0C34-4D1F-9C4F-906E5C464842}.Debug|Any CPU.Build.0 = Debug|Any CPU
		{AC427D6A-0C34-4D1F-9C4F-906E5C464842}.Release|Any CPU.ActiveCfg = Release|Any CPU
		{AC427D6A-0C34-4D1F-9C4F-906E5C464842}.Release|Any CPU.Build.0 = Release|Any CPU
		{5270CCF1-F5A6-4A73-8074-E23BBEDA6AF7}.Debug|Any CPU.ActiveCfg = Debug|Any CPU
		{5270CCF1-F5A6-4A73-8074-E23BBEDA6AF7}.Debug|Any CPU.Build.0 = Debug|Any CPU
		{5270CCF1-F5A6-4A73-8074-E23BBEDA6AF7}.Release|Any CPU.ActiveCfg = Release|Any CPU
		{5270CCF1-F5A6-4A73-8074-E23BBEDA6AF7}.Release|Any CPU.Build.0 = Release|Any CPU
		{6ED98B5C-A81A-475A-87D6-9B0E8430CFC6}.Debug|Any CPU.ActiveCfg = Debug|Any CPU
		{6ED98B5C-A81A-475A-87D6-9B0E8430CFC6}.Debug|Any CPU.Build.0 = Debug|Any CPU
		{6ED98B5C-A81A-475A-87D6-9B0E8430CFC6}.Release|Any CPU.ActiveCfg = Release|Any CPU
		{6ED98B5C-A81A-475A-87D6-9B0E8430CFC6}.Release|Any CPU.Build.0 = Release|Any CPU
		{F89BFCD9-EDCE-42DD-BBAF-1FDF71E84380}.Debug|Any CPU.ActiveCfg = Debug|Any CPU
		{F89BFCD9-EDCE-42DD-BBAF-1FDF71E84380}.Debug|Any CPU.Build.0 = Debug|Any CPU
		{F89BFCD9-EDCE-42DD-BBAF-1FDF71E84380}.Release|Any CPU.ActiveCfg = Release|Any CPU
		{F89BFCD9-EDCE-42DD-BBAF-1FDF71E84380}.Release|Any CPU.Build.0 = Release|Any CPU
	EndGlobalSection
	GlobalSection(SolutionProperties) = preSolution
		HideSolutionNode = FALSE
	EndGlobalSection
	GlobalSection(NestedProjects) = preSolution
		{DEC2F242-E717-4CA3-9978-A26FB1AD95B3} = {256B3DC7-F43E-446B-A2C9-0D13ED78D1A7}
	EndGlobalSection
	GlobalSection(ExtensibilityGlobals) = postSolution
		SolutionGuid = {95A593B3-4965-4F81-A3DB-66D8589A60E6}
	EndGlobalSection
EndGlobal
