
Microsoft Visual Studio Solution File, Format Version 12.00
# Visual Studio Version 17
VisualStudioVersion = 17.4.33122.133
MinimumVisualStudioVersion = 10.0.40219.1
Project("{9A19103F-16F7-4668-BE54-9A1E7A4F7556}") = "Test", "Test\Test.csproj", "{DEC2F242-E717-4CA3-9978-A26FB1AD95B3}"
EndProject
Project("{2150E333-8FDC-42A3-9474-1A3956D46DE8}") = "NewTest", "NewTest", "{256B3DC7-F43E-446B-A2C9-0D13ED78D1A7}"
EndProject
Project("{9A19103F-16F7-4668-BE54-9A1E7A4F7556}") = "0.1 Regular_ExtractAllWordsFromASentence", "ExtractAllWordsFromASentence\0.1 Regular_ExtractAllWordsFromASentence.csproj", "{79CD9161-EB48-41CE-B588-E98926BDA6C4}"
EndProject
Project("{9A19103F-16F7-4668-BE54-9A1E7A4F7556}") = "0.2 Regular_ExtractOnlyDigitsFromaNumber", "Regular_ExtractOnlyDigitsFromaNumber\0.2 Regular_ExtractOnlyDigitsFromaNumber.csproj", "{22662D8F-C516-4038-8AED-662CCCD8532D}"
EndProject
Project("{FAE04EC0-301F-11D3-BF4B-00C04F79EFBC}") = "0.3 Regular_FindingAndChangingTheColorOfRows", "Regular_FindingAndChangingTheColorOfRows\0.3 Regular_FindingAndChangingTheColorOfRows.csproj", "{67D811E1-7BDD-42DF-A721-2EF53667DE28}"
EndProject
Global
	GlobalSection(SolutionConfigurationPlatforms) = preSolution
		Debug|Any CPU = Debug|Any CPU
		Release|Any CPU = Release|Any CPU
	EndGlobalSection
	GlobalSection(ProjectConfigurationPlatforms) = postSolution
		{DEC2F242-E717-4CA3-9978-A26FB1AD95B3}.Debug|Any CPU.ActiveCfg = Debug|Any CPU
		{DEC2F242-E717-4CA3-9978-A26FB1AD95B3}.Debug|Any CPU.Build.0 = Debug|Any CPU
		{DEC2F242-E717-4CA3-9978-A26FB1AD95B3}.Release|Any CPU.ActiveCfg = Release|Any CPU
		{DEC2F242-E717-4CA3-9978-A26FB1AD95B3}.Release|Any CPU.Build.0 = Release|Any CPU
		{79CD9161-EB48-41CE-B588-E98926BDA6C4}.Debug|Any CPU.ActiveCfg = Debug|Any CPU
		{79CD9161-EB48-41CE-B588-E98926BDA6C4}.Debug|Any CPU.Build.0 = Debug|Any CPU
		{79CD9161-EB48-41CE-B588-E98926BDA6C4}.Release|Any CPU.ActiveCfg = Release|Any CPU
		{79CD9161-EB48-41CE-B588-E98926BDA6C4}.Release|Any CPU.Build.0 = Release|Any CPU
		{22662D8F-C516-4038-8AED-662CCCD8532D}.Debug|Any CPU.ActiveCfg = Debug|Any CPU
		{22662D8F-C516-4038-8AED-662CCCD8532D}.Debug|Any CPU.Build.0 = Debug|Any CPU
		{22662D8F-C516-4038-8AED-662CCCD8532D}.Release|Any CPU.ActiveCfg = Release|Any CPU
		{22662D8F-C516-4038-8AED-662CCCD8532D}.Release|Any CPU.Build.0 = Release|Any CPU
		{67D811E1-7BDD-42DF-A721-2EF53667DE28}.Debug|Any CPU.ActiveCfg = Debug|Any CPU
		{67D811E1-7BDD-42DF-A721-2EF53667DE28}.Debug|Any CPU.Build.0 = Debug|Any CPU
		{67D811E1-7BDD-42DF-A721-2EF53667DE28}.Release|Any CPU.ActiveCfg = Release|Any CPU
		{67D811E1-7BDD-42DF-A721-2EF53667DE28}.Release|Any CPU.Build.0 = Release|Any CPU
	EndGlobalSection
	GlobalSection(SolutionProperties) = preSolution
		HideSolutionNode = FALSE
	EndGlobalSection
	GlobalSection(NestedProjects) = preSolution
		{DEC2F242-E717-4CA3-9978-A26FB1AD95B3} = {256B3DC7-F43E-446B-A2C9-0D13ED78D1A7}
	EndGlobalSection
	GlobalSection(ExtensibilityGlobals) = postSolution
		SolutionGuid = {95A593B3-4965-4F81-A3DB-66D8589A60E6}
	EndGlobalSection
EndGlobal
